
Microsoft Visual Studio Solution File, Format Version 12.00
# Visual Studio Version 17
VisualStudioVersion = 17.13.35828.75
MinimumVisualStudioVersion = 10.0.40219.1
Project("{FAE04EC0-301F-11D3-BF4B-00C04F79EFBC}") = "API", "API\API.csproj", "{2F9CEE4B-7266-AAB5-E2CD-997F68F443A8}"
EndProject
Project("{FAE04EC0-301F-11D3-BF4B-00C04F79EFBC}") = "API-Tests", "API-Tests\API-Tests.csproj", "{38C469E6-EF3C-00F7-F7E2-BB0AA7DC517E}"
EndProject
Global
	GlobalSection(SolutionConfigurationPlatforms) = preSolution
		Debug|Any CPU = Debug|Any CPU
		Release|Any CPU = Release|Any CPU
	EndGlobalSection
	GlobalSection(ProjectConfigurationPlatforms) = postSolution
		{2F9CEE4B-7266-AAB5-E2CD-997F68F443A8}.Debug|Any CPU.ActiveCfg = Debug|Any CPU
		{2F9CEE4B-7266-AAB5-E2CD-997F68F443A8}.Debug|Any CPU.Build.0 = Debug|Any CPU
		{2F9CEE4B-7266-AAB5-E2CD-997F68F443A8}.Release|Any CPU.ActiveCfg = Release|Any CPU
		{2F9CEE4B-7266-AAB5-E2CD-997F68F443A8}.Release|Any CPU.Build.0 = Release|Any CPU
		{38C469E6-EF3C-00F7-F7E2-BB0AA7DC517E}.Debug|Any CPU.ActiveCfg = Debug|Any CPU
		{38C469E6-EF3C-00F7-F7E2-BB0AA7DC517E}.Debug|Any CPU.Build.0 = Debug|Any CPU
		{38C469E6-EF3C-00F7-F7E2-BB0AA7DC517E}.Release|Any CPU.ActiveCfg = Release|Any CPU
		{38C469E6-EF3C-00F7-F7E2-BB0AA7DC517E}.Release|Any CPU.Build.0 = Release|Any CPU
	EndGlobalSection
	GlobalSection(SolutionProperties) = preSolution
		HideSolutionNode = FALSE
	EndGlobalSection
	GlobalSection(ExtensibilityGlobals) = postSolution
		SolutionGuid = {18C25A3B-1000-412C-9596-8B0D0FB3AD30}
	EndGlobalSection
EndGlobal
